
Microsoft Visual Studio Solution File, Format Version 12.00
# Visual Studio 2013
VisualStudioVersion = 12.0.21005.1
MinimumVisualStudioVersion = 10.0.40219.1
Project("{FAE04EC0-301F-11D3-BF4B-00C04F79EFBC}") = "NicoTcpnet", "NicoTcpnet.csproj", "{789DBC0D-DF55-48C7-AF76-A7E4FC88D830}"
EndProject
Project("{FAE04EC0-301F-11D3-BF4B-00C04F79EFBC}") = "TestDemo", "TestDemo\TestDemo.csproj", "{752FC9E7-8C4D-433D-AE0C-7B5F1FBCAEA5}"
EndProject
Global
	GlobalSection(SolutionConfigurationPlatforms) = preSolution
		Debug|Any CPU = Debug|Any CPU
		Release|Any CPU = Release|Any CPU
	EndGlobalSection
	GlobalSection(ProjectConfigurationPlatforms) = postSolution
		{789DBC0D-DF55-48C7-AF76-A7E4FC88D830}.Debug|Any CPU.ActiveCfg = Debug|Any CPU
		{789DBC0D-DF55-48C7-AF76-A7E4FC88D830}.Debug|Any CPU.Build.0 = Debug|Any CPU
		{789DBC0D-DF55-48C7-AF76-A7E4FC88D830}.Release|Any CPU.ActiveCfg = Release|Any CPU
		{789DBC0D-DF55-48C7-AF76-A7E4FC88D830}.Release|Any CPU.Build.0 = Release|Any CPU
		{752FC9E7-8C4D-433D-AE0C-7B5F1FBCAEA5}.Debug|Any CPU.ActiveCfg = Debug|Any CPU
		{752FC9E7-8C4D-433D-AE0C-7B5F1FBCAEA5}.Debug|Any CPU.Build.0 = Debug|Any CPU
		{752FC9E7-8C4D-433D-AE0C-7B5F1FBCAEA5}.Release|Any CPU.ActiveCfg = Release|Any CPU
		{752FC9E7-8C4D-433D-AE0C-7B5F1FBCAEA5}.Release|Any CPU.Build.0 = Release|Any CPU
	EndGlobalSection
	GlobalSection(SolutionProperties) = preSolution
		HideSolutionNode = FALSE
	EndGlobalSection
EndGlobal
